
Microsoft Visual Studio Solution File, Format Version 12.00
# Visual Studio 15
VisualStudioVersion = 15.0.27428.2015
MinimumVisualStudioVersion = 10.0.40219.1
Project("{FAE04EC0-301F-11D3-BF4B-00C04F79EFBC}") = "TheGame", "TheGame\TheGame.csproj", "{E5A49794-04D8-4A18-B5D5-40983ECF3A59}"
EndProject
Global
	GlobalSection(SolutionConfigurationPlatforms) = preSolution
		Debug|Any CPU = Debug|Any CPU
		Release|Any CPU = Release|Any CPU
	EndGlobalSection
	GlobalSection(ProjectConfigurationPlatforms) = postSolution
		{E5A49794-04D8-4A18-B5D5-40983ECF3A59}.Debug|Any CPU.ActiveCfg = Debug|Any CPU
		{E5A49794-04D8-4A18-B5D5-40983ECF3A59}.Debug|Any CPU.Build.0 = Debug|Any CPU
		{E5A49794-04D8-4A18-B5D5-40983ECF3A59}.Release|Any CPU.ActiveCfg = Release|Any CPU
		{E5A49794-04D8-4A18-B5D5-40983ECF3A59}.Release|Any CPU.Build.0 = Release|Any CPU
	EndGlobalSection
	GlobalSection(SolutionProperties) = preSolution
		HideSolutionNode = FALSE
	EndGlobalSection
	GlobalSection(ExtensibilityGlobals) = postSolution
		SolutionGuid = {7B4AEF31-E072-44FF-A55D-7523F0592C92}
	EndGlobalSection
EndGlobal
